
Microsoft Visual Studio Solution File, Format Version 12.00
# Visual Studio Version 16
VisualStudioVersion = 16.0.30804.86
MinimumVisualStudioVersion = 10.0.40219.1
Project("{FAE04EC0-301F-11D3-BF4B-00C04F79EFBC}") = "TreeView", "TreeView\TreeView.csproj", "{5671EBA3-9E80-40E3-9453-7E35D23653EF}"
EndProject
Global
	GlobalSection(SolutionConfigurationPlatforms) = preSolution
		Debug|Any CPU = Debug|Any CPU
		Release|Any CPU = Release|Any CPU
	EndGlobalSection
	GlobalSection(ProjectConfigurationPlatforms) = postSolution
		{5671EBA3-9E80-40E3-9453-7E35D23653EF}.Debug|Any CPU.ActiveCfg = Debug|Any CPU
		{5671EBA3-9E80-40E3-9453-7E35D23653EF}.Debug|Any CPU.Build.0 = Debug|Any CPU
		{5671EBA3-9E80-40E3-9453-7E35D23653EF}.Release|Any CPU.ActiveCfg = Release|Any CPU
		{5671EBA3-9E80-40E3-9453-7E35D23653EF}.Release|Any CPU.Build.0 = Release|Any CPU
	EndGlobalSection
	GlobalSection(SolutionProperties) = preSolution
		HideSolutionNode = FALSE
	EndGlobalSection
	GlobalSection(ExtensibilityGlobals) = postSolution
		SolutionGuid = {73EC1336-E592-4660-9830-F2DC13C1344B}
	EndGlobalSection
EndGlobal
